
Microsoft Visual Studio Solution File, Format Version 12.00
# Visual Studio Version 16
VisualStudioVersion = 16.0.32510.428
MinimumVisualStudioVersion = 10.0.40219.1
Project("{2150E333-8FDC-42A3-9474-1A3956D46DE8}") = "Core", "Core", "{B137CE5D-8D36-47D0-8EC8-D591314E676C}"
EndProject
Project("{2150E333-8FDC-42A3-9474-1A3956D46DE8}") = "Infrastructure", "Infrastructure", "{84DDD989-4545-4927-B128-95E15C16E124}"
EndProject
Project("{2150E333-8FDC-42A3-9474-1A3956D46DE8}") = "Source", "Source", "{ECA6B1B9-BA21-4DC1-AEDD-29D4D64D47D9}"
EndProject
Project("{2150E333-8FDC-42A3-9474-1A3956D46DE8}") = "WebApp", "WebApp", "{A7FC79D1-6B0C-4D54-9347-F2682BE02121}"
EndProject
Project("{FAE04EC0-301F-11D3-BF4B-00C04F79EFBC}") = "InternetBanking.Core.Domain", "InternetBanking.Core.Domain\InternetBanking.Core.Domain.csproj", "{001E66F0-5DED-4D27-A2EF-F3E89CBC0B0A}"
EndProject
Project("{FAE04EC0-301F-11D3-BF4B-00C04F79EFBC}") = "InternetBanking.Core.Applicacion", "InternetBanking.Core.Applicacion\InternetBanking.Core.Applicacion.csproj", "{88031CEA-D6F3-4088-81AA-CA65903BD5B8}"
EndProject
Project("{FAE04EC0-301F-11D3-BF4B-00C04F79EFBC}") = "InternetBanking.Infrastructure.Persistence", "InternetBanking.Infrastructure.Persistence\InternetBanking.Infrastructure.Persistence.csproj", "{3E32D1BE-4B9A-45CE-BFD2-1F5772E05CE6}"
EndProject
Project("{FAE04EC0-301F-11D3-BF4B-00C04F79EFBC}") = "InternetBanking.WebApp", "InternetBanking.WebApp\InternetBanking.WebApp.csproj", "{62ACE6C3-96AA-4D31-B8C0-6397EDD5BD38}"
EndProject
Global
	GlobalSection(SolutionConfigurationPlatforms) = preSolution
		Debug|Any CPU = Debug|Any CPU
		Release|Any CPU = Release|Any CPU
	EndGlobalSection
	GlobalSection(ProjectConfigurationPlatforms) = postSolution
		{001E66F0-5DED-4D27-A2EF-F3E89CBC0B0A}.Debug|Any CPU.ActiveCfg = Debug|Any CPU
		{001E66F0-5DED-4D27-A2EF-F3E89CBC0B0A}.Debug|Any CPU.Build.0 = Debug|Any CPU
		{001E66F0-5DED-4D27-A2EF-F3E89CBC0B0A}.Release|Any CPU.ActiveCfg = Release|Any CPU
		{001E66F0-5DED-4D27-A2EF-F3E89CBC0B0A}.Release|Any CPU.Build.0 = Release|Any CPU
		{88031CEA-D6F3-4088-81AA-CA65903BD5B8}.Debug|Any CPU.ActiveCfg = Debug|Any CPU
		{88031CEA-D6F3-4088-81AA-CA65903BD5B8}.Debug|Any CPU.Build.0 = Debug|Any CPU
		{88031CEA-D6F3-4088-81AA-CA65903BD5B8}.Release|Any CPU.ActiveCfg = Release|Any CPU
		{88031CEA-D6F3-4088-81AA-CA65903BD5B8}.Release|Any CPU.Build.0 = Release|Any CPU
		{3E32D1BE-4B9A-45CE-BFD2-1F5772E05CE6}.Debug|Any CPU.ActiveCfg = Debug|Any CPU
		{3E32D1BE-4B9A-45CE-BFD2-1F5772E05CE6}.Debug|Any CPU.Build.0 = Debug|Any CPU
		{3E32D1BE-4B9A-45CE-BFD2-1F5772E05CE6}.Release|Any CPU.ActiveCfg = Release|Any CPU
		{3E32D1BE-4B9A-45CE-BFD2-1F5772E05CE6}.Release|Any CPU.Build.0 = Release|Any CPU
		{62ACE6C3-96AA-4D31-B8C0-6397EDD5BD38}.Debug|Any CPU.ActiveCfg = Debug|Any CPU
		{62ACE6C3-96AA-4D31-B8C0-6397EDD5BD38}.Debug|Any CPU.Build.0 = Debug|Any CPU
		{62ACE6C3-96AA-4D31-B8C0-6397EDD5BD38}.Release|Any CPU.ActiveCfg = Release|Any CPU
		{62ACE6C3-96AA-4D31-B8C0-6397EDD5BD38}.Release|Any CPU.Build.0 = Release|Any CPU
	EndGlobalSection
	GlobalSection(SolutionProperties) = preSolution
		HideSolutionNode = FALSE
	EndGlobalSection
	GlobalSection(NestedProjects) = preSolution
		{B137CE5D-8D36-47D0-8EC8-D591314E676C} = {ECA6B1B9-BA21-4DC1-AEDD-29D4D64D47D9}
		{84DDD989-4545-4927-B128-95E15C16E124} = {ECA6B1B9-BA21-4DC1-AEDD-29D4D64D47D9}
		{A7FC79D1-6B0C-4D54-9347-F2682BE02121} = {ECA6B1B9-BA21-4DC1-AEDD-29D4D64D47D9}
		{001E66F0-5DED-4D27-A2EF-F3E89CBC0B0A} = {B137CE5D-8D36-47D0-8EC8-D591314E676C}
		{88031CEA-D6F3-4088-81AA-CA65903BD5B8} = {B137CE5D-8D36-47D0-8EC8-D591314E676C}
		{3E32D1BE-4B9A-45CE-BFD2-1F5772E05CE6} = {84DDD989-4545-4927-B128-95E15C16E124}
		{62ACE6C3-96AA-4D31-B8C0-6397EDD5BD38} = {A7FC79D1-6B0C-4D54-9347-F2682BE02121}
	EndGlobalSection
	GlobalSection(ExtensibilityGlobals) = postSolution
		SolutionGuid = {574F5288-0910-4946-8308-54FF67115A61}
	EndGlobalSection
EndGlobal
